// !$*UTF8*$!
{
	archiveVersion = 1;
	classes = {
	};
	objectVersion = 56;
	objects = {

/* Begin PBXBuildFile section */
		3F006C292D3BD937005F5F15 /* LoginView.swift in Sources */ = {isa = PBXBuildFile; fileRef = 3F006C282D3BD937005F5F15 /* LoginView.swift */; };
		3F006C2B2D3BDA87005F5F15 /* SignUpView.swift in Sources */ = {isa = PBXBuildFile; fileRef = 3F006C2A2D3BDA87005F5F15 /* SignUpView.swift */; };
		3F2571242D39141500B2A0EA /* demoApp.swift in Sources */ = {isa = PBXBuildFile; fileRef = 3F2571232D39141500B2A0EA /* demoApp.swift */; };
		3F2571262D39141500B2A0EA /* WelcomeView.swift in Sources */ = {isa = PBXBuildFile; fileRef = 3F2571252D39141500B2A0EA /* WelcomeView.swift */; };
		3F2571282D39141600B2A0EA /* Assets.xcassets in Resources */ = {isa = PBXBuildFile; fileRef = 3F2571272D39141600B2A0EA /* Assets.xcassets */; };
		3F25712B2D39141600B2A0EA /* Preview Assets.xcassets in Resources */ = {isa = PBXBuildFile; fileRef = 3F25712A2D39141600B2A0EA /* Preview Assets.xcassets */; };
		3F2571332D39144700B2A0EA /* UIExtension.swift in Sources */ = {isa = PBXBuildFile; fileRef = 3F2571322D39144700B2A0EA /* UIExtension.swift */; };
		3F2571352D3914D100B2A0EA /* SignInView.swift in Sources */ = {isa = PBXBuildFile; fileRef = 3F2571342D3914D100B2A0EA /* SignInView.swift */; };
		3F25713C2D3915BF00B2A0EA /* Gilroy-Regular.ttf in Resources */ = {isa = PBXBuildFile; fileRef = 3F2571392D3915BF00B2A0EA /* Gilroy-Regular.ttf */; };
		3F25713D2D3915BF00B2A0EA /* Gilroy-Bold.ttf in Resources */ = {isa = PBXBuildFile; fileRef = 3F25713A2D3915BF00B2A0EA /* Gilroy-Bold.ttf */; };
		3F25713E2D3915BF00B2A0EA /* Gilroy-SemiBold.ttf in Resources */ = {isa = PBXBuildFile; fileRef = 3F25713B2D3915BF00B2A0EA /* Gilroy-SemiBold.ttf */; };
		3F2571452D3924AC00B2A0EA /* Launch Screen.storyboard in Resources */ = {isa = PBXBuildFile; fileRef = 3F2571442D3924AC00B2A0EA /* Launch Screen.storyboard */; };
		3FC84B922D3FC8A000C74968 /* LoginView.swift1.swift in Sources */ = {isa = PBXBuildFile; fileRef = 3FC84B912D3FC8A000C74968 /* LoginView.swift1.swift */; };
		3FF2B4122D3E6A5C0010314A /* CountryPickerView.swift in Sources */ = {isa = PBXBuildFile; fileRef = 3FF2B4112D3E6A5C0010314A /* CountryPickerView.swift */; };
		3FF2B4142D3E6A750010314A /* Country.swift in Sources */ = {isa = PBXBuildFile; fileRef = 3FF2B4132D3E6A750010314A /* Country.swift */; };
		3FF2B41A2D3E6DB20010314A /* iPhoneNumberField in Frameworks */ = {isa = PBXBuildFile; productRef = 3FF2B4192D3E6DB20010314A /* iPhoneNumberField */; };
/* End PBXBuildFile section */

/* Begin PBXFileReference section */
		3F006C282D3BD937005F5F15 /* LoginView.swift */ = {isa = PBXFileReference; lastKnownFileType = sourcecode.swift; path = LoginView.swift; sourceTree = "<group>"; };
		3F006C2A2D3BDA87005F5F15 /* SignUpView.swift */ = {isa = PBXFileReference; lastKnownFileType = sourcecode.swift; path = SignUpView.swift; sourceTree = "<group>"; };
		3F2571202D39141500B2A0EA /* demo.app */ = {isa = PBXFileReference; explicitFileType = wrapper.application; includeInIndex = 0; path = demo.app; sourceTree = BUILT_PRODUCTS_DIR; };
		3F2571232D39141500B2A0EA /* demoApp.swift */ = {isa = PBXFileReference; lastKnownFileType = sourcecode.swift; path = demoApp.swift; sourceTree = "<group>"; };
		3F2571252D39141500B2A0EA /* WelcomeView.swift */ = {isa = PBXFileReference; lastKnownFileType = sourcecode.swift; path = WelcomeView.swift; sourceTree = "<group>"; };
		3F2571272D39141600B2A0EA /* Assets.xcassets */ = {isa = PBXFileReference; lastKnownFileType = folder.assetcatalog; path = Assets.xcassets; sourceTree = "<group>"; };
		3F25712A2D39141600B2A0EA /* Preview Assets.xcassets */ = {isa = PBXFileReference; lastKnownFileType = folder.assetcatalog; path = "Preview Assets.xcassets"; sourceTree = "<group>"; };
		3F2571322D39144700B2A0EA /* UIExtension.swift */ = {isa = PBXFileReference; lastKnownFileType = sourcecode.swift; path = UIExtension.swift; sourceTree = "<group>"; };
		3F2571342D3914D100B2A0EA /* SignInView.swift */ = {isa = PBXFileReference; lastKnownFileType = sourcecode.swift; path = SignInView.swift; sourceTree = "<group>"; };
		3F2571392D3915BF00B2A0EA /* Gilroy-Regular.ttf */ = {isa = PBXFileReference; lastKnownFileType = file; name = "Gilroy-Regular.ttf"; path = "../../../../../Downloads/Gilroy-Regular.ttf"; sourceTree = "<group>"; };
		3F25713A2D3915BF00B2A0EA /* Gilroy-Bold.ttf */ = {isa = PBXFileReference; lastKnownFileType = file; name = "Gilroy-Bold.ttf"; path = "../../../../../Downloads/Gilroy-Bold.ttf"; sourceTree = "<group>"; };
		3F25713B2D3915BF00B2A0EA /* Gilroy-SemiBold.ttf */ = {isa = PBXFileReference; lastKnownFileType = file; name = "Gilroy-SemiBold.ttf"; path = "../../../../../Downloads/Gilroy-SemiBold.ttf"; sourceTree = "<group>"; };
		3F25713F2D3915D700B2A0EA /* Info.plist */ = {isa = PBXFileReference; lastKnownFileType = text.plist; path = Info.plist; sourceTree = "<group>"; };
		3F2571442D3924AC00B2A0EA /* Launch Screen.storyboard */ = {isa = PBXFileReference; lastKnownFileType = file.storyboard; path = "Launch Screen.storyboard"; sourceTree = "<group>"; };
		3FC84B912D3FC8A000C74968 /* LoginView.swift1.swift */ = {isa = PBXFileReference; lastKnownFileType = sourcecode.swift; path = LoginView.swift1.swift; sourceTree = "<group>"; };
		3FF2B4112D3E6A5C0010314A /* CountryPickerView.swift */ = {isa = PBXFileReference; lastKnownFileType = sourcecode.swift; path = CountryPickerView.swift; sourceTree = "<group>"; };
		3FF2B4132D3E6A750010314A /* Country.swift */ = {isa = PBXFileReference; lastKnownFileType = sourcecode.swift; path = Country.swift; sourceTree = "<group>"; };
/* End PBXFileReference section */

/* Begin PBXFrameworksBuildPhase section */
		3F25711D2D39141500B2A0EA /* Frameworks */ = {
			isa = PBXFrameworksBuildPhase;
			buildActionMask = 2147483647;
			files = (
				3FF2B41A2D3E6DB20010314A /* iPhoneNumberField in Frameworks */,
			);
			runOnlyForDeploymentPostprocessing = 0;
		};
/* End PBXFrameworksBuildPhase section */

/* Begin PBXGroup section */
		3F2571172D39141500B2A0EA = {
			isa = PBXGroup;
			children = (
				3F2571222D39141500B2A0EA /* demo */,
				3F2571212D39141500B2A0EA /* Products */,
			);
			sourceTree = "<group>";
		};
		3F2571212D39141500B2A0EA /* Products */ = {
			isa = PBXGroup;
			children = (
				3F2571202D39141500B2A0EA /* demo.app */,
			);
			name = Products;
			sourceTree = "<group>";
		};
		3F2571222D39141500B2A0EA /* demo */ = {
			isa = PBXGroup;
			children = (
				3F2571442D3924AC00B2A0EA /* Launch Screen.storyboard */,
				3F2571272D39141600B2A0EA /* Assets.xcassets */,
				3F2571382D39159900B2A0EA /* Font */,
				3F25713F2D3915D700B2A0EA /* Info.plist */,
				3F2571312D39143400B2A0EA /* UICommon */,
				3F2571362D3914EF00B2A0EA /* View */,
				3F2571232D39141500B2A0EA /* demoApp.swift */,
				3F2571292D39141600B2A0EA /* Preview Content */,
			);
			path = demo;
			sourceTree = "<group>";
		};
		3F2571292D39141600B2A0EA /* Preview Content */ = {
			isa = PBXGroup;
			children = (
				3F25712A2D39141600B2A0EA /* Preview Assets.xcassets */,
			);
			path = "Preview Content";
			sourceTree = "<group>";
		};
		3F2571312D39143400B2A0EA /* UICommon */ = {
			isa = PBXGroup;
			children = (
				3F2571322D39144700B2A0EA /* UIExtension.swift */,
				3FF2B4112D3E6A5C0010314A /* CountryPickerView.swift */,
				3FF2B4132D3E6A750010314A /* Country.swift */,
			);
			path = UICommon;
			sourceTree = "<group>";
		};
		3F2571362D3914EF00B2A0EA /* View */ = {
			isa = PBXGroup;
			children = (
				3F2571372D3914FB00B2A0EA /* Login */,
			);
			path = View;
			sourceTree = "<group>";
		};
		3F2571372D3914FB00B2A0EA /* Login */ = {
			isa = PBXGroup;
			children = (
				3F2571342D3914D100B2A0EA /* SignInView.swift */,
				3F2571252D39141500B2A0EA /* WelcomeView.swift */,
				3F006C282D3BD937005F5F15 /* LoginView.swift */,
				3F006C2A2D3BDA87005F5F15 /* SignUpView.swift */,
				3FC84B912D3FC8A000C74968 /* LoginView.swift1.swift */,
			);
			path = Login;
			sourceTree = "<group>";
		};
		3F2571382D39159900B2A0EA /* Font */ = {
			isa = PBXGroup;
			children = (
				3F25713A2D3915BF00B2A0EA /* Gilroy-Bold.ttf */,
				3F2571392D3915BF00B2A0EA /* Gilroy-Regular.ttf */,
				3F25713B2D3915BF00B2A0EA /* Gilroy-SemiBold.ttf */,
			);
			path = Font;
			sourceTree = "<group>";
		};
/* End PBXGroup section */

/* Begin PBXNativeTarget section */
		3F25711F2D39141500B2A0EA /* demo */ = {
			isa = PBXNativeTarget;
			buildConfigurationList = 3F25712E2D39141600B2A0EA /* Build configuration list for PBXNativeTarget "demo" */;
			buildPhases = (
				3F25711C2D39141500B2A0EA /* Sources */,
				3F25711D2D39141500B2A0EA /* Frameworks */,
				3F25711E2D39141500B2A0EA /* Resources */,
			);
			buildRules = (
			);
			dependencies = (
			);
			name = demo;
			packageProductDependencies = (
				3FF2B4192D3E6DB20010314A /* iPhoneNumberField */,
			);
			productName = demo;
			productReference = 3F2571202D39141500B2A0EA /* demo.app */;
			productType = "com.apple.product-type.application";
		};
/* End PBXNativeTarget section */

/* Begin PBXProject section */
		3F2571182D39141500B2A0EA /* Project object */ = {
			isa = PBXProject;
			attributes = {
				BuildIndependentTargetsInParallel = 1;
				LastSwiftUpdateCheck = 1510;
				LastUpgradeCheck = 1510;
				TargetAttributes = {
					3F25711F2D39141500B2A0EA = {
						CreatedOnToolsVersion = 15.1;
					};
				};
			};
			buildConfigurationList = 3F25711B2D39141500B2A0EA /* Build configuration list for PBXProject "demo" */;
			compatibilityVersion = "Xcode 14.0";
			developmentRegion = en;
			hasScannedForEncodings = 0;
			knownRegions = (
				en,
				Base,
			);
			mainGroup = 3F2571172D39141500B2A0EA;
			packageReferences = (
				3FF2B4182D3E6DB20010314A /* XCRemoteSwiftPackageReference "iPhoneNumberField" */,
			);
			productRefGroup = 3F2571212D39141500B2A0EA /* Products */;
			projectDirPath = "";
			projectRoot = "";
			targets = (
				3F25711F2D39141500B2A0EA /* demo */,
			);
		};
/* End PBXProject section */

/* Begin PBXResourcesBuildPhase section */
		3F25711E2D39141500B2A0EA /* Resources */ = {
			isa = PBXResourcesBuildPhase;
			buildActionMask = 2147483647;
			files = (
				3F2571452D3924AC00B2A0EA /* Launch Screen.storyboard in Resources */,
				3F25712B2D39141600B2A0EA /* Preview Assets.xcassets in Resources */,
				3F25713C2D3915BF00B2A0EA /* Gilroy-Regular.ttf in Resources */,
				3F2571282D39141600B2A0EA /* Assets.xcassets in Resources */,
				3F25713E2D3915BF00B2A0EA /* Gilroy-SemiBold.ttf in Resources */,
				3F25713D2D3915BF00B2A0EA /* Gilroy-Bold.ttf in Resources */,
			);
			runOnlyForDeploymentPostprocessing = 0;
		};
/* End PBXResourcesBuildPhase section */

/* Begin PBXSourcesBuildPhase section */
		3F25711C2D39141500B2A0EA /* Sources */ = {
			isa = PBXSourcesBuildPhase;
			buildActionMask = 2147483647;
			files = (
				3FC84B922D3FC8A000C74968 /* LoginView.swift1.swift in Sources */,
				3FF2B4122D3E6A5C0010314A /* CountryPickerView.swift in Sources */,
				3F2571262D39141500B2A0EA /* WelcomeView.swift in Sources */,
				3F2571332D39144700B2A0EA /* UIExtension.swift in Sources */,
				3F2571352D3914D100B2A0EA /* SignInView.swift in Sources */,
				3FF2B4142D3E6A750010314A /* Country.swift in Sources */,
				3F006C292D3BD937005F5F15 /* LoginView.swift in Sources */,
				3F006C2B2D3BDA87005F5F15 /* SignUpView.swift in Sources */,
				3F2571242D39141500B2A0EA /* demoApp.swift in Sources */,
			);
			runOnlyForDeploymentPostprocessing = 0;
		};
/* End PBXSourcesBuildPhase section */

/* Begin XCBuildConfiguration section */
		3F25712C2D39141600B2A0EA /* Debug */ = {
			isa = XCBuildConfiguration;
			buildSettings = {
				ALWAYS_SEARCH_USER_PATHS = NO;
				ASSETCATALOG_COMPILER_GENERATE_SWIFT_ASSET_SYMBOL_EXTENSIONS = YES;
				CLANG_ANALYZER_NONNULL = YES;
				CLANG_ANALYZER_NUMBER_OBJECT_CONVERSION = YES_AGGRESSIVE;
				CLANG_CXX_LANGUAGE_STANDARD = "gnu++20";
				CLANG_ENABLE_MODULES = YES;
				CLANG_ENABLE_OBJC_ARC = YES;
				CLANG_ENABLE_OBJC_WEAK = YES;
				CLANG_WARN_BLOCK_CAPTURE_AUTORELEASING = YES;
				CLANG_WARN_BOOL_CONVERSION = YES;
				CLANG_WARN_COMMA = YES;
				CLANG_WARN_CONSTANT_CONVERSION = YES;
				CLANG_WARN_DEPRECATED_OBJC_IMPLEMENTATIONS = YES;
				CLANG_WARN_DIRECT_OBJC_ISA_USAGE = YES_ERROR;
				CLANG_WARN_DOCUMENTATION_COMMENTS = YES;
				CLANG_WARN_EMPTY_BODY = YES;
				CLANG_WARN_ENUM_CONVERSION = YES;
				CLANG_WARN_INFINITE_RECURSION = YES;
				CLANG_WARN_INT_CONVERSION = YES;
				CLANG_WARN_NON_LITERAL_NULL_CONVERSION = YES;
				CLANG_WARN_OBJC_IMPLICIT_RETAIN_SELF = YES;
				CLANG_WARN_OBJC_LITERAL_CONVERSION = YES;
				CLANG_WARN_OBJC_ROOT_CLASS = YES_ERROR;
				CLANG_WARN_QUOTED_INCLUDE_IN_FRAMEWORK_HEADER = YES;
				CLANG_WARN_RANGE_LOOP_ANALYSIS = YES;
				CLANG_WARN_STRICT_PROTOTYPES = YES;
				CLANG_WARN_SUSPICIOUS_MOVE = YES;
				CLANG_WARN_UNGUARDED_AVAILABILITY = YES_AGGRESSIVE;
				CLANG_WARN_UNREACHABLE_CODE = YES;
				CLANG_WARN__DUPLICATE_METHOD_MATCH = YES;
				COPY_PHASE_STRIP = NO;
				DEBUG_INFORMATION_FORMAT = dwarf;
				ENABLE_STRICT_OBJC_MSGSEND = YES;
				ENABLE_TESTABILITY = YES;
				ENABLE_USER_SCRIPT_SANDBOXING = YES;
				GCC_C_LANGUAGE_STANDARD = gnu17;
				GCC_DYNAMIC_NO_PIC = NO;
				GCC_NO_COMMON_BLOCKS = YES;
				GCC_OPTIMIZATION_LEVEL = 0;
				GCC_PREPROCESSOR_DEFINITIONS = (
					"DEBUG=1",
					"$(inherited)",
				);
				GCC_WARN_64_TO_32_BIT_CONVERSION = YES;
				GCC_WARN_ABOUT_RETURN_TYPE = YES_ERROR;
				GCC_WARN_UNDECLARED_SELECTOR = YES;
				GCC_WARN_UNINITIALIZED_AUTOS = YES_AGGRESSIVE;
				GCC_WARN_UNUSED_FUNCTION = YES;
				GCC_WARN_UNUSED_VARIABLE = YES;
				IPHONEOS_DEPLOYMENT_TARGET = 17.2;
				LOCALIZATION_PREFERS_STRING_CATALOGS = YES;
				MTL_ENABLE_DEBUG_INFO = INCLUDE_SOURCE;
				MTL_FAST_MATH = YES;
				ONLY_ACTIVE_ARCH = YES;
				SDKROOT = iphoneos;
				SWIFT_ACTIVE_COMPILATION_CONDITIONS = "DEBUG $(inherited)";
				SWIFT_OPTIMIZATION_LEVEL = "-Onone";
			};
			name = Debug;
		};
		3F25712D2D39141600B2A0EA /* Release */ = {
			isa = XCBuildConfiguration;
			buildSettings = {
				ALWAYS_SEARCH_USER_PATHS = NO;
				ASSETCATALOG_COMPILER_GENERATE_SWIFT_ASSET_SYMBOL_EXTENSIONS = YES;
				CLANG_ANALYZER_NONNULL = YES;
				CLANG_ANALYZER_NUMBER_OBJECT_CONVERSION = YES_AGGRESSIVE;
				CLANG_CXX_LANGUAGE_STANDARD = "gnu++20";
				CLANG_ENABLE_MODULES = YES;
				CLANG_ENABLE_OBJC_ARC = YES;
				CLANG_ENABLE_OBJC_WEAK = YES;
				CLANG_WARN_BLOCK_CAPTURE_AUTORELEASING = YES;
				CLANG_WARN_BOOL_CONVERSION = YES;
				CLANG_WARN_COMMA = YES;
				CLANG_WARN_CONSTANT_CONVERSION = YES;
				CLANG_WARN_DEPRECATED_OBJC_IMPLEMENTATIONS = YES;
				CLANG_WARN_DIRECT_OBJC_ISA_USAGE = YES_ERROR;
				CLANG_WARN_DOCUMENTATION_COMMENTS = YES;
				CLANG_WARN_EMPTY_BODY = YES;
				CLANG_WARN_ENUM_CONVERSION = YES;
				CLANG_WARN_INFINITE_RECURSION = YES;
				CLANG_WARN_INT_CONVERSION = YES;
				CLANG_WARN_NON_LITERAL_NULL_CONVERSION = YES;
				CLANG_WARN_OBJC_IMPLICIT_RETAIN_SELF = YES;
				CLANG_WARN_OBJC_LITERAL_CONVERSION = YES;
				CLANG_WARN_OBJC_ROOT_CLASS = YES_ERROR;
				CLANG_WARN_QUOTED_INCLUDE_IN_FRAMEWORK_HEADER = YES;
				CLANG_WARN_RANGE_LOOP_ANALYSIS = YES;
				CLANG_WARN_STRICT_PROTOTYPES = YES;
				CLANG_WARN_SUSPICIOUS_MOVE = YES;
				CLANG_WARN_UNGUARDED_AVAILABILITY = YES_AGGRESSIVE;
				CLANG_WARN_UNREACHABLE_CODE = YES;
				CLANG_WARN__DUPLICATE_METHOD_MATCH = YES;
				COPY_PHASE_STRIP = NO;
				DEBUG_INFORMATION_FORMAT = "dwarf-with-dsym";
				ENABLE_NS_ASSERTIONS = NO;
				ENABLE_STRICT_OBJC_MSGSEND = YES;
				ENABLE_USER_SCRIPT_SANDBOXING = YES;
				GCC_C_LANGUAGE_STANDARD = gnu17;
				GCC_NO_COMMON_BLOCKS = YES;
				GCC_WARN_64_TO_32_BIT_CONVERSION = YES;
				GCC_WARN_ABOUT_RETURN_TYPE = YES_ERROR;
				GCC_WARN_UNDECLARED_SELECTOR = YES;
				GCC_WARN_UNINITIALIZED_AUTOS = YES_AGGRESSIVE;
				GCC_WARN_UNUSED_FUNCTION = YES;
				GCC_WARN_UNUSED_VARIABLE = YES;
				IPHONEOS_DEPLOYMENT_TARGET = 17.2;
				LOCALIZATION_PREFERS_STRING_CATALOGS = YES;
				MTL_ENABLE_DEBUG_INFO = NO;
				MTL_FAST_MATH = YES;
				SDKROOT = iphoneos;
				SWIFT_COMPILATION_MODE = wholemodule;
				VALIDATE_PRODUCT = YES;
			};
			name = Release;
		};
		3F25712F2D39141600B2A0EA /* Debug */ = {
			isa = XCBuildConfiguration;
			buildSettings = {
				ASSETCATALOG_COMPILER_APPICON_NAME = AppIcon;
				ASSETCATALOG_COMPILER_GLOBAL_ACCENT_COLOR_NAME = AccentColor;
				CODE_SIGN_STYLE = Automatic;
				CURRENT_PROJECT_VERSION = 1;
				DEVELOPMENT_ASSET_PATHS = "\"demo/Preview Content\"";
				ENABLE_PREVIEWS = YES;
				GENERATE_INFOPLIST_FILE = YES;
				INFOPLIST_FILE = demo/Info.plist;
				INFOPLIST_KEY_UIApplicationSceneManifest_Generation = YES;
				INFOPLIST_KEY_UIApplicationSupportsIndirectInputEvents = YES;
				INFOPLIST_KEY_UILaunchStoryboardName = "Launch Screen.storyboard";
				INFOPLIST_KEY_UIStatusBarHidden = YES;
				INFOPLIST_KEY_UISupportedInterfaceOrientations = UIInterfaceOrientationPortrait;
				INFOPLIST_KEY_UISupportedInterfaceOrientations_iPad = "UIInterfaceOrientationLandscapeLeft UIInterfaceOrientationLandscapeRight UIInterfaceOrientationPortrait UIInterfaceOrientationPortraitUpsideDown";
				IPHONEOS_DEPLOYMENT_TARGET = 16.0;
				LD_RUNPATH_SEARCH_PATHS = (
					"$(inherited)",
					"@executable_path/Frameworks",
				);
				MARKETING_VERSION = 1.0;
				PRODUCT_BUNDLE_IDENTIFIER = com.pranjal.demo;
				PRODUCT_NAME = "$(TARGET_NAME)";
				SUPPORTED_PLATFORMS = "iphoneos iphonesimulator";
				SUPPORTS_MACCATALYST = NO;
				SUPPORTS_MAC_DESIGNED_FOR_IPHONE_IPAD = NO;
				SWIFT_EMIT_LOC_STRINGS = YES;
				SWIFT_VERSION = 5.0;
				TARGETED_DEVICE_FAMILY = 1;
			};
			name = Debug;
		};
		3F2571302D39141600B2A0EA /* Release */ = {
			isa = XCBuildConfiguration;
			buildSettings = {
				ASSETCATALOG_COMPILER_APPICON_NAME = AppIcon;
				ASSETCATALOG_COMPILER_GLOBAL_ACCENT_COLOR_NAME = AccentColor;
				CODE_SIGN_STYLE = Automatic;
				CURRENT_PROJECT_VERSION = 1;
				DEVELOPMENT_ASSET_PATHS = "\"demo/Preview Content\"";
				ENABLE_PREVIEWS = YES;
				GENERATE_INFOPLIST_FILE = YES;
				INFOPLIST_FILE = demo/Info.plist;
				INFOPLIST_KEY_UIApplicationSceneManifest_Generation = YES;
				INFOPLIST_KEY_UIApplicationSupportsIndirectInputEvents = YES;
				INFOPLIST_KEY_UILaunchStoryboardName = "Launch Screen.storyboard";
				INFOPLIST_KEY_UIStatusBarHidden = YES;
				INFOPLIST_KEY_UISupportedInterfaceOrientations = UIInterfaceOrientationPortrait;
				INFOPLIST_KEY_UISupportedInterfaceOrientations_iPad = "UIInterfaceOrientationLandscapeLeft UIInterfaceOrientationLandscapeRight UIInterfaceOrientationPortrait UIInterfaceOrientationPortraitUpsideDown";
				IPHONEOS_DEPLOYMENT_TARGET = 16.0;
				LD_RUNPATH_SEARCH_PATHS = (
					"$(inherited)",
					"@executable_path/Frameworks",
				);
				MARKETING_VERSION = 1.0;
				PRODUCT_BUNDLE_IDENTIFIER = com.pranjal.demo;
				PRODUCT_NAME = "$(TARGET_NAME)";
				SUPPORTED_PLATFORMS = "iphoneos iphonesimulator";
				SUPPORTS_MACCATALYST = NO;
				SUPPORTS_MAC_DESIGNED_FOR_IPHONE_IPAD = NO;
				SWIFT_EMIT_LOC_STRINGS = YES;
				SWIFT_VERSION = 5.0;
				TARGETED_DEVICE_FAMILY = 1;
			};
			name = Release;
		};
/* End XCBuildConfiguration section */

/* Begin XCConfigurationList section */
		3F25711B2D39141500B2A0EA /* Build configuration list for PBXProject "demo" */ = {
			isa = XCConfigurationList;
			buildConfigurations = (
				3F25712C2D39141600B2A0EA /* Debug */,
				3F25712D2D39141600B2A0EA /* Release */,
			);
			defaultConfigurationIsVisible = 0;
			defaultConfigurationName = Release;
		};
		3F25712E2D39141600B2A0EA /* Build configuration list for PBXNativeTarget "demo" */ = {
			isa = XCConfigurationList;
			buildConfigurations = (
				3F25712F2D39141600B2A0EA /* Debug */,
				3F2571302D39141600B2A0EA /* Release */,
			);
			defaultConfigurationIsVisible = 0;
			defaultConfigurationName = Release;
		};
/* End XCConfigurationList section */

/* Begin XCRemoteSwiftPackageReference section */
		3FF2B4182D3E6DB20010314A /* XCRemoteSwiftPackageReference "iPhoneNumberField" */ = {
			isa = XCRemoteSwiftPackageReference;
			repositoryURL = "https://github.com/MojtabaHs/iPhoneNumberField.git";
			requirement = {
				kind = upToNextMajorVersion;
				minimumVersion = 0.10.4;
			};
		};
/* End XCRemoteSwiftPackageReference section */

/* Begin XCSwiftPackageProductDependency section */
		3FF2B4192D3E6DB20010314A /* iPhoneNumberField */ = {
			isa = XCSwiftPackageProductDependency;
			package = 3FF2B4182D3E6DB20010314A /* XCRemoteSwiftPackageReference "iPhoneNumberField" */;
			productName = iPhoneNumberField;
		};
/* End XCSwiftPackageProductDependency section */
	};
	rootObject = 3F2571182D39141500B2A0EA /* Project object */;
}
